
Microsoft Visual Studio Solution File, Format Version 12.00
# Visual Studio Version 17
VisualStudioVersion = 17.0.31903.59
MinimumVisualStudioVersion = 10.0.40219.1
Project("{FAE04EC0-301F-11D3-BF4B-00C04F79EFBC}") = "Text", "Text\Text.csproj", "{04B0BB86-C9DE-4A2D-9606-C5DF4F1D691A}"
EndProject
Project("{FAE04EC0-301F-11D3-BF4B-00C04F79EFBC}") = "Text.Tests", "Text.Tests\Text.Tests.csproj", "{54A372B3-D2DA-4797-AF56-34562C9AED86}"
EndProject
Global
	GlobalSection(SolutionConfigurationPlatforms) = preSolution
		Debug|Any CPU = Debug|Any CPU
		Release|Any CPU = Release|Any CPU
	EndGlobalSection
	GlobalSection(SolutionProperties) = preSolution
		HideSolutionNode = FALSE
	EndGlobalSection
	GlobalSection(ProjectConfigurationPlatforms) = postSolution
		{04B0BB86-C9DE-4A2D-9606-C5DF4F1D691A}.Debug|Any CPU.ActiveCfg = Debug|Any CPU
		{04B0BB86-C9DE-4A2D-9606-C5DF4F1D691A}.Debug|Any CPU.Build.0 = Debug|Any CPU
		{04B0BB86-C9DE-4A2D-9606-C5DF4F1D691A}.Release|Any CPU.ActiveCfg = Release|Any CPU
		{04B0BB86-C9DE-4A2D-9606-C5DF4F1D691A}.Release|Any CPU.Build.0 = Release|Any CPU
		{54A372B3-D2DA-4797-AF56-34562C9AED86}.Debug|Any CPU.ActiveCfg = Debug|Any CPU
		{54A372B3-D2DA-4797-AF56-34562C9AED86}.Debug|Any CPU.Build.0 = Debug|Any CPU
		{54A372B3-D2DA-4797-AF56-34562C9AED86}.Release|Any CPU.ActiveCfg = Release|Any CPU
		{54A372B3-D2DA-4797-AF56-34562C9AED86}.Release|Any CPU.Build.0 = Release|Any CPU
	EndGlobalSection
EndGlobal
