
Microsoft Visual Studio Solution File, Format Version 12.00
# Visual Studio Version 17
VisualStudioVersion = 17.0.31903.59
MinimumVisualStudioVersion = 10.0.40219.1
Project("{2150E333-8FDC-42A3-9474-1A3956D46DE8}") = "0-add", "0-add", "{EC524BCA-B917-432A-AB43-81A6E6EA409B}"
EndProject
Project("{FAE04EC0-301F-11D3-BF4B-00C04F79EFBC}") = "MyMath", "0-add\MyMath\MyMath.csproj", "{CC3C116C-ACD9-4025-A0FE-466B8E311486}"
EndProject
Project("{FAE04EC0-301F-11D3-BF4B-00C04F79EFBC}") = "MyMath.Tests", "0-add\MyMath.Tests\MyMath.Tests.csproj", "{B916EEC6-1031-4DAD-A376-D6C7F6A80070}"
EndProject
Project("{2150E333-8FDC-42A3-9474-1A3956D46DE8}") = "1-divide", "1-divide", "{8F0030C9-BA8F-47BB-98D4-20DA4F440D57}"
EndProject
Project("{FAE04EC0-301F-11D3-BF4B-00C04F79EFBC}") = "MyMath", "1-divide\MyMath\MyMath.csproj", "{E5080569-2974-46C7-8998-426AF2206D8F}"
EndProject
Project("{FAE04EC0-301F-11D3-BF4B-00C04F79EFBC}") = "MyMath.Tests", "1-divide\MyMath.Tests\MyMath.Tests.csproj", "{D2F53D4A-ECCE-4DBF-B528-3EEBA2F4C6D2}"
EndProject
Project("{2150E333-8FDC-42A3-9474-1A3956D46DE8}") = "2-max_int", "2-max_int", "{0357796A-5D68-45F9-9B9E-7A820F3F0EA1}"
EndProject
Project("{FAE04EC0-301F-11D3-BF4B-00C04F79EFBC}") = "MyMath", "2-max_int\MyMath\MyMath.csproj", "{4F4C6438-BB4E-41CF-BEA0-0817A59BCF0A}"
EndProject
Project("{FAE04EC0-301F-11D3-BF4B-00C04F79EFBC}") = "MyMath.Tests", "2-max_int\MyMath.Tests\MyMath.Tests.csproj", "{90431E7A-9D9A-4D23-A52A-C1F4B04FF1B5}"
EndProject
Project("{2150E333-8FDC-42A3-9474-1A3956D46DE8}") = "3-palindrome", "3-palindrome", "{7D416214-798A-461D-8721-31A8C2DA0A2A}"
EndProject
Project("{FAE04EC0-301F-11D3-BF4B-00C04F79EFBC}") = "Text", "3-palindrome\Text\Text.csproj", "{8A2F61C0-D8B7-4E5B-8717-3A9B7D830D80}"
EndProject
Project("{FAE04EC0-301F-11D3-BF4B-00C04F79EFBC}") = "Text.Tests", "3-palindrome\Text.Tests\Text.Tests.csproj", "{A19D5776-8F13-4487-ACD9-ABF25D59637A}"
EndProject
Project("{2150E333-8FDC-42A3-9474-1A3956D46DE8}") = "4-unique", "4-unique", "{7D12BA48-F618-454F-8E89-806EF044F32D}"
EndProject
Project("{FAE04EC0-301F-11D3-BF4B-00C04F79EFBC}") = "Text", "4-unique\Text\Text.csproj", "{129C328A-2ABF-4415-B4E3-3EDA124A8CE6}"
EndProject
Project("{FAE04EC0-301F-11D3-BF4B-00C04F79EFBC}") = "Text.Tests", "4-unique\Text.Tests\Text.Tests.csproj", "{AA4788B7-B2BE-4E3B-ACEE-D222C07FDB83}"
EndProject
Project("{2150E333-8FDC-42A3-9474-1A3956D46DE8}") = "5-camelcase", "5-camelcase", "{5375F8AD-BFB5-41D8-8A71-18405E8FE94D}"
EndProject
Project("{FAE04EC0-301F-11D3-BF4B-00C04F79EFBC}") = "Text", "5-camelcase\Text\Text.csproj", "{855540B5-390A-41BC-94A2-999135B78384}"
EndProject
Project("{FAE04EC0-301F-11D3-BF4B-00C04F79EFBC}") = "Text.Tests", "5-camelcase\Text.Tests\Text.Tests.csproj", "{D474F853-B50A-495E-B733-DE1FF4CC3426}"
EndProject
Global
	GlobalSection(SolutionConfigurationPlatforms) = preSolution
		Debug|Any CPU = Debug|Any CPU
		Release|Any CPU = Release|Any CPU
	EndGlobalSection
	GlobalSection(SolutionProperties) = preSolution
		HideSolutionNode = FALSE
	EndGlobalSection
	GlobalSection(ProjectConfigurationPlatforms) = postSolution
		{CC3C116C-ACD9-4025-A0FE-466B8E311486}.Debug|Any CPU.ActiveCfg = Debug|Any CPU
		{CC3C116C-ACD9-4025-A0FE-466B8E311486}.Debug|Any CPU.Build.0 = Debug|Any CPU
		{CC3C116C-ACD9-4025-A0FE-466B8E311486}.Release|Any CPU.ActiveCfg = Release|Any CPU
		{CC3C116C-ACD9-4025-A0FE-466B8E311486}.Release|Any CPU.Build.0 = Release|Any CPU
		{B916EEC6-1031-4DAD-A376-D6C7F6A80070}.Debug|Any CPU.ActiveCfg = Debug|Any CPU
		{B916EEC6-1031-4DAD-A376-D6C7F6A80070}.Debug|Any CPU.Build.0 = Debug|Any CPU
		{B916EEC6-1031-4DAD-A376-D6C7F6A80070}.Release|Any CPU.ActiveCfg = Release|Any CPU
		{B916EEC6-1031-4DAD-A376-D6C7F6A80070}.Release|Any CPU.Build.0 = Release|Any CPU
		{E5080569-2974-46C7-8998-426AF2206D8F}.Debug|Any CPU.ActiveCfg = Debug|Any CPU
		{E5080569-2974-46C7-8998-426AF2206D8F}.Debug|Any CPU.Build.0 = Debug|Any CPU
		{E5080569-2974-46C7-8998-426AF2206D8F}.Release|Any CPU.ActiveCfg = Release|Any CPU
		{E5080569-2974-46C7-8998-426AF2206D8F}.Release|Any CPU.Build.0 = Release|Any CPU
		{D2F53D4A-ECCE-4DBF-B528-3EEBA2F4C6D2}.Debug|Any CPU.ActiveCfg = Debug|Any CPU
		{D2F53D4A-ECCE-4DBF-B528-3EEBA2F4C6D2}.Debug|Any CPU.Build.0 = Debug|Any CPU
		{D2F53D4A-ECCE-4DBF-B528-3EEBA2F4C6D2}.Release|Any CPU.ActiveCfg = Release|Any CPU
		{D2F53D4A-ECCE-4DBF-B528-3EEBA2F4C6D2}.Release|Any CPU.Build.0 = Release|Any CPU
		{4F4C6438-BB4E-41CF-BEA0-0817A59BCF0A}.Debug|Any CPU.ActiveCfg = Debug|Any CPU
		{4F4C6438-BB4E-41CF-BEA0-0817A59BCF0A}.Debug|Any CPU.Build.0 = Debug|Any CPU
		{4F4C6438-BB4E-41CF-BEA0-0817A59BCF0A}.Release|Any CPU.ActiveCfg = Release|Any CPU
		{4F4C6438-BB4E-41CF-BEA0-0817A59BCF0A}.Release|Any CPU.Build.0 = Release|Any CPU
		{90431E7A-9D9A-4D23-A52A-C1F4B04FF1B5}.Debug|Any CPU.ActiveCfg = Debug|Any CPU
		{90431E7A-9D9A-4D23-A52A-C1F4B04FF1B5}.Debug|Any CPU.Build.0 = Debug|Any CPU
		{90431E7A-9D9A-4D23-A52A-C1F4B04FF1B5}.Release|Any CPU.ActiveCfg = Release|Any CPU
		{90431E7A-9D9A-4D23-A52A-C1F4B04FF1B5}.Release|Any CPU.Build.0 = Release|Any CPU
		{8A2F61C0-D8B7-4E5B-8717-3A9B7D830D80}.Debug|Any CPU.ActiveCfg = Debug|Any CPU
		{8A2F61C0-D8B7-4E5B-8717-3A9B7D830D80}.Debug|Any CPU.Build.0 = Debug|Any CPU
		{8A2F61C0-D8B7-4E5B-8717-3A9B7D830D80}.Release|Any CPU.ActiveCfg = Release|Any CPU
		{8A2F61C0-D8B7-4E5B-8717-3A9B7D830D80}.Release|Any CPU.Build.0 = Release|Any CPU
		{A19D5776-8F13-4487-ACD9-ABF25D59637A}.Debug|Any CPU.ActiveCfg = Debug|Any CPU
		{A19D5776-8F13-4487-ACD9-ABF25D59637A}.Debug|Any CPU.Build.0 = Debug|Any CPU
		{A19D5776-8F13-4487-ACD9-ABF25D59637A}.Release|Any CPU.ActiveCfg = Release|Any CPU
		{A19D5776-8F13-4487-ACD9-ABF25D59637A}.Release|Any CPU.Build.0 = Release|Any CPU
		{129C328A-2ABF-4415-B4E3-3EDA124A8CE6}.Debug|Any CPU.ActiveCfg = Debug|Any CPU
		{129C328A-2ABF-4415-B4E3-3EDA124A8CE6}.Debug|Any CPU.Build.0 = Debug|Any CPU
		{129C328A-2ABF-4415-B4E3-3EDA124A8CE6}.Release|Any CPU.ActiveCfg = Release|Any CPU
		{129C328A-2ABF-4415-B4E3-3EDA124A8CE6}.Release|Any CPU.Build.0 = Release|Any CPU
		{AA4788B7-B2BE-4E3B-ACEE-D222C07FDB83}.Debug|Any CPU.ActiveCfg = Debug|Any CPU
		{AA4788B7-B2BE-4E3B-ACEE-D222C07FDB83}.Debug|Any CPU.Build.0 = Debug|Any CPU
		{AA4788B7-B2BE-4E3B-ACEE-D222C07FDB83}.Release|Any CPU.ActiveCfg = Release|Any CPU
		{AA4788B7-B2BE-4E3B-ACEE-D222C07FDB83}.Release|Any CPU.Build.0 = Release|Any CPU
		{855540B5-390A-41BC-94A2-999135B78384}.Debug|Any CPU.ActiveCfg = Debug|Any CPU
		{855540B5-390A-41BC-94A2-999135B78384}.Debug|Any CPU.Build.0 = Debug|Any CPU
		{855540B5-390A-41BC-94A2-999135B78384}.Release|Any CPU.ActiveCfg = Release|Any CPU
		{855540B5-390A-41BC-94A2-999135B78384}.Release|Any CPU.Build.0 = Release|Any CPU
		{D474F853-B50A-495E-B733-DE1FF4CC3426}.Debug|Any CPU.ActiveCfg = Debug|Any CPU
		{D474F853-B50A-495E-B733-DE1FF4CC3426}.Debug|Any CPU.Build.0 = Debug|Any CPU
		{D474F853-B50A-495E-B733-DE1FF4CC3426}.Release|Any CPU.ActiveCfg = Release|Any CPU
		{D474F853-B50A-495E-B733-DE1FF4CC3426}.Release|Any CPU.Build.0 = Release|Any CPU
	EndGlobalSection
	GlobalSection(NestedProjects) = preSolution
		{CC3C116C-ACD9-4025-A0FE-466B8E311486} = {EC524BCA-B917-432A-AB43-81A6E6EA409B}
		{B916EEC6-1031-4DAD-A376-D6C7F6A80070} = {EC524BCA-B917-432A-AB43-81A6E6EA409B}
		{E5080569-2974-46C7-8998-426AF2206D8F} = {8F0030C9-BA8F-47BB-98D4-20DA4F440D57}
		{D2F53D4A-ECCE-4DBF-B528-3EEBA2F4C6D2} = {8F0030C9-BA8F-47BB-98D4-20DA4F440D57}
		{4F4C6438-BB4E-41CF-BEA0-0817A59BCF0A} = {0357796A-5D68-45F9-9B9E-7A820F3F0EA1}
		{90431E7A-9D9A-4D23-A52A-C1F4B04FF1B5} = {0357796A-5D68-45F9-9B9E-7A820F3F0EA1}
		{8A2F61C0-D8B7-4E5B-8717-3A9B7D830D80} = {7D416214-798A-461D-8721-31A8C2DA0A2A}
		{A19D5776-8F13-4487-ACD9-ABF25D59637A} = {7D416214-798A-461D-8721-31A8C2DA0A2A}
		{129C328A-2ABF-4415-B4E3-3EDA124A8CE6} = {7D12BA48-F618-454F-8E89-806EF044F32D}
		{AA4788B7-B2BE-4E3B-ACEE-D222C07FDB83} = {7D12BA48-F618-454F-8E89-806EF044F32D}
		{855540B5-390A-41BC-94A2-999135B78384} = {5375F8AD-BFB5-41D8-8A71-18405E8FE94D}
		{D474F853-B50A-495E-B733-DE1FF4CC3426} = {5375F8AD-BFB5-41D8-8A71-18405E8FE94D}
	EndGlobalSection
EndGlobal
