
Microsoft Visual Studio Solution File, Format Version 12.00
# Visual Studio Version 17
VisualStudioVersion = 17.0.31903.59
MinimumVisualStudioVersion = 10.0.40219.1
Project("{FAE04EC0-301F-11D3-BF4B-00C04F79EFBC}") = "Text", "Text\Text.csproj", "{80F5C6A5-4A93-4644-87F9-59B1B53D438E}"
EndProject
Project("{FAE04EC0-301F-11D3-BF4B-00C04F79EFBC}") = "Text.Tests", "Text.Tests\Text.Tests.csproj", "{8F5FB97F-6B05-4DB1-A35E-A7529E201439}"
EndProject
Global
	GlobalSection(SolutionConfigurationPlatforms) = preSolution
		Debug|Any CPU = Debug|Any CPU
		Release|Any CPU = Release|Any CPU
	EndGlobalSection
	GlobalSection(SolutionProperties) = preSolution
		HideSolutionNode = FALSE
	EndGlobalSection
	GlobalSection(ProjectConfigurationPlatforms) = postSolution
		{80F5C6A5-4A93-4644-87F9-59B1B53D438E}.Debug|Any CPU.ActiveCfg = Debug|Any CPU
		{80F5C6A5-4A93-4644-87F9-59B1B53D438E}.Debug|Any CPU.Build.0 = Debug|Any CPU
		{80F5C6A5-4A93-4644-87F9-59B1B53D438E}.Release|Any CPU.ActiveCfg = Release|Any CPU
		{80F5C6A5-4A93-4644-87F9-59B1B53D438E}.Release|Any CPU.Build.0 = Release|Any CPU
		{8F5FB97F-6B05-4DB1-A35E-A7529E201439}.Debug|Any CPU.ActiveCfg = Debug|Any CPU
		{8F5FB97F-6B05-4DB1-A35E-A7529E201439}.Debug|Any CPU.Build.0 = Debug|Any CPU
		{8F5FB97F-6B05-4DB1-A35E-A7529E201439}.Release|Any CPU.ActiveCfg = Release|Any CPU
		{8F5FB97F-6B05-4DB1-A35E-A7529E201439}.Release|Any CPU.Build.0 = Release|Any CPU
	EndGlobalSection
EndGlobal
